
Microsoft Visual Studio Solution File, Format Version 12.00
# Visual Studio Version 17
VisualStudioVersion = 17.5.002.0
MinimumVisualStudioVersion = 10.0.40219.1
Project("{9A19103F-16F7-4668-BE54-9A1E7A4F7556}") = "Projeto_Web-Lh_Pets_Alunos", "Projeto_Web-Lh_Pets_Alunos.csproj", "{605ADE87-4E1E-4094-8652-53454BD223A2}"
EndProject
Global
	GlobalSection(SolutionConfigurationPlatforms) = preSolution
		Debug|Any CPU = Debug|Any CPU
		Release|Any CPU = Release|Any CPU
	EndGlobalSection
	GlobalSection(ProjectConfigurationPlatforms) = postSolution
		{605ADE87-4E1E-4094-8652-53454BD223A2}.Debug|Any CPU.ActiveCfg = Debug|Any CPU
		{605ADE87-4E1E-4094-8652-53454BD223A2}.Debug|Any CPU.Build.0 = Debug|Any CPU
		{605ADE87-4E1E-4094-8652-53454BD223A2}.Release|Any CPU.ActiveCfg = Release|Any CPU
		{605ADE87-4E1E-4094-8652-53454BD223A2}.Release|Any CPU.Build.0 = Release|Any CPU
	EndGlobalSection
	GlobalSection(SolutionProperties) = preSolution
		HideSolutionNode = FALSE
	EndGlobalSection
	GlobalSection(ExtensibilityGlobals) = postSolution
		SolutionGuid = {F40F0508-279C-4380-9F75-25834BED7CD1}
	EndGlobalSection
EndGlobal
